# This file is automatically @generated by Cargo.
# It is not intended for manual editing.
[[package]]
name = "lazy_static"
version = "1.4.0"
source = "registry+https://github.com/rust-lang/crates.io-index"
checksum = "e2abad23fbc42b3700f2f279844dc832adb2b2eb069b2df918f455c4e18cc646"

[[package]]
name = "profanity_filter"
version = "0.1.0"
dependencies = [
 "lazy_static",
 "word_filter",
]

[[package]]
name = "str_overlap"
version = "0.1.1"
source = "registry+https://github.com/rust-lang/crates.io-index"
checksum = "76c29e6897f60d333e4250670486c29fe56b95b0b1da5d21fb9cf253327af5de"

[[package]]
name = "word_filter"
version = "0.1.0"
dependencies = [
 "str_overlap",
]
