# This file is automatically @generated by Cargo.
# It is not intended for manual editing.
[[package]]
name = "ahash"
version = "0.4.7"
source = "registry+https://github.com/rust-lang/crates.io-index"
checksum = "739f4a8db6605981345c5654f3a85b056ce52f37a39d34da03f25bf2151ea16e"

[[package]]
name = "autocfg"
version = "1.0.1"
source = "registry+https://github.com/rust-lang/crates.io-index"
checksum = "cdb031dd78e28731d87d56cc8ffef4a8f36ca26c38fe2de700543e627f8a464a"

[[package]]
name = "hashbrown"
version = "0.9.1"
source = "registry+https://github.com/rust-lang/crates.io-index"
checksum = "d7afe4a420e3fe79967a00898cc1f4db7c8a49a9333a29f8a4bd76a253d5cd04"
dependencies = [
 "ahash",
]

[[package]]
name = "nested_containment_list"
version = "0.1.1"
source = "registry+https://github.com/rust-lang/crates.io-index"
checksum = "8c5f22d4aeaf9f8a8c7d035e675339ad0714491521ef9b2eae289c3e432d5dff"
dependencies = [
 "autocfg",
]

[[package]]
name = "once_cell"
version = "1.5.2"
source = "registry+https://github.com/rust-lang/crates.io-index"
checksum = "13bd41f508810a131401606d54ac32a467c97172d74ba7662562ebba5ad07fa0"

[[package]]
name = "profanity_filter"
version = "0.1.0"
dependencies = [
 "once_cell",
 "word_filter",
]

[[package]]
name = "str_overlap"
version = "0.4.0"
source = "registry+https://github.com/rust-lang/crates.io-index"
checksum = "8bcd54b35f31a2b4ac421f6749f1f1d595e6c7a11cb9ceea09ed8093d668d5fa"
dependencies = [
 "autocfg",
]

[[package]]
name = "word_filter"
version = "0.1.3"
source = "registry+https://github.com/rust-lang/crates.io-index"
checksum = "b46b21da4ddf2ad562a0f0f431823dc578d36d4b7155db84bde14be119b80319"
dependencies = [
 "hashbrown",
 "nested_containment_list",
 "str_overlap",
]
