# This file is automatically @generated by Cargo.
# It is not intended for manual editing.
[[package]]
name = "once_cell"
version = "1.5.2"
source = "registry+https://github.com/rust-lang/crates.io-index"
checksum = "13bd41f508810a131401606d54ac32a467c97172d74ba7662562ebba5ad07fa0"

[[package]]
name = "profanity_filter"
version = "0.1.0"
dependencies = [
 "once_cell",
 "word_filter",
]

[[package]]
name = "str_overlap"
version = "0.1.1"
source = "registry+https://github.com/rust-lang/crates.io-index"
checksum = "76c29e6897f60d333e4250670486c29fe56b95b0b1da5d21fb9cf253327af5de"

[[package]]
name = "word_filter"
version = "0.1.0"
dependencies = [
 "str_overlap",
]
